
Microsoft Visual Studio Solution File, Format Version 12.00
# Visual Studio Version 17
VisualStudioVersion = 17.14.36811.4
MinimumVisualStudioVersion = 10.0.40219.1
Project("{FAE04EC0-301F-11D3-BF4B-00C04F79EFBC}") = "Nimbie-Rename-UI", "Nimbie-Rename-UI\Nimbie-Rename-UI.csproj", "{B3C21047-D6B7-417C-AAA9-6A4A9DA18FA4}"
EndProject
Project("{2150E333-8FDC-42A3-9474-1A3956D46DE8}") = "Solution Items", "Solution Items", "{8EC462FD-D22E-90A8-E5CE-7E832BA40C5D}"
	ProjectSection(SolutionItems) = preProject
		.gitignore = .gitignore
		clone.fsx = clone.fsx
	EndProjectSection
EndProject
Global
	GlobalSection(SolutionConfigurationPlatforms) = preSolution
		Debug|Any CPU = Debug|Any CPU
		Release|Any CPU = Release|Any CPU
	EndGlobalSection
	GlobalSection(ProjectConfigurationPlatforms) = postSolution
		{B3C21047-D6B7-417C-AAA9-6A4A9DA18FA4}.Debug|Any CPU.ActiveCfg = Debug|Any CPU
		{B3C21047-D6B7-417C-AAA9-6A4A9DA18FA4}.Debug|Any CPU.Build.0 = Debug|Any CPU
		{B3C21047-D6B7-417C-AAA9-6A4A9DA18FA4}.Release|Any CPU.ActiveCfg = Release|Any CPU
		{B3C21047-D6B7-417C-AAA9-6A4A9DA18FA4}.Release|Any CPU.Build.0 = Release|Any CPU
	EndGlobalSection
	GlobalSection(SolutionProperties) = preSolution
		HideSolutionNode = FALSE
	EndGlobalSection
	GlobalSection(ExtensibilityGlobals) = postSolution
		SolutionGuid = {7230DDB7-D85B-4E60-9E4F-AE93797C24AF}
	EndGlobalSection
EndGlobal
